
Microsoft Visual Studio Solution File, Format Version 12.00
# Visual Studio Version 16
VisualStudioVersion = 16.0.30114.105
MinimumVisualStudioVersion = 10.0.40219.1
Project("{FAE04EC0-301F-11D3-BF4B-00C04F79EFBC}") = "crudeoperationonazuresqldb", "crudeoperationonazuresqldb\crudeoperationonazuresqldb.csproj", "{0441CB3B-EDAA-4DA7-9834-67D929AFC0F7}"
EndProject
Global
	GlobalSection(SolutionConfigurationPlatforms) = preSolution
		Debug|Any CPU = Debug|Any CPU
		Release|Any CPU = Release|Any CPU
	EndGlobalSection
	GlobalSection(ProjectConfigurationPlatforms) = postSolution
		{0441CB3B-EDAA-4DA7-9834-67D929AFC0F7}.Debug|Any CPU.ActiveCfg = Debug|Any CPU
		{0441CB3B-EDAA-4DA7-9834-67D929AFC0F7}.Debug|Any CPU.Build.0 = Debug|Any CPU
		{0441CB3B-EDAA-4DA7-9834-67D929AFC0F7}.Release|Any CPU.ActiveCfg = Release|Any CPU
		{0441CB3B-EDAA-4DA7-9834-67D929AFC0F7}.Release|Any CPU.Build.0 = Release|Any CPU
	EndGlobalSection
	GlobalSection(SolutionProperties) = preSolution
		HideSolutionNode = FALSE
	EndGlobalSection
	GlobalSection(ExtensibilityGlobals) = postSolution
		SolutionGuid = {F23FA12E-815E-4B96-A6BD-F3C8AD2D760C}
	EndGlobalSection
EndGlobal
